
Microsoft Visual Studio Solution File, Format Version 12.00
# Visual Studio Version 16
VisualStudioVersion = 16.0.29102.190
MinimumVisualStudioVersion = 10.0.40219.1
Project("{9A19103F-16F7-4668-BE54-9A1E7A4F7556}") = "DynamicWebAPIFactory", "DynamicWebAPIFactory\DynamicWebAPIFactory.csproj", "{7F7FBE65-B15F-40D1-B5AD-A9F8C3DA327E}"
EndProject
Project("{9A19103F-16F7-4668-BE54-9A1E7A4F7556}") = "Sample", "Sample\Sample.csproj", "{FB8955DA-BEE4-4E10-BD28-36A6D89D3483}"
EndProject
Global
	GlobalSection(SolutionConfigurationPlatforms) = preSolution
		Debug|Any CPU = Debug|Any CPU
		Release|Any CPU = Release|Any CPU
	EndGlobalSection
	GlobalSection(ProjectConfigurationPlatforms) = postSolution
		{7F7FBE65-B15F-40D1-B5AD-A9F8C3DA327E}.Debug|Any CPU.ActiveCfg = Debug|Any CPU
		{7F7FBE65-B15F-40D1-B5AD-A9F8C3DA327E}.Debug|Any CPU.Build.0 = Debug|Any CPU
		{7F7FBE65-B15F-40D1-B5AD-A9F8C3DA327E}.Release|Any CPU.ActiveCfg = Release|Any CPU
		{7F7FBE65-B15F-40D1-B5AD-A9F8C3DA327E}.Release|Any CPU.Build.0 = Release|Any CPU
		{FB8955DA-BEE4-4E10-BD28-36A6D89D3483}.Debug|Any CPU.ActiveCfg = Debug|Any CPU
		{FB8955DA-BEE4-4E10-BD28-36A6D89D3483}.Debug|Any CPU.Build.0 = Debug|Any CPU
		{FB8955DA-BEE4-4E10-BD28-36A6D89D3483}.Release|Any CPU.ActiveCfg = Release|Any CPU
		{FB8955DA-BEE4-4E10-BD28-36A6D89D3483}.Release|Any CPU.Build.0 = Release|Any CPU
	EndGlobalSection
	GlobalSection(SolutionProperties) = preSolution
		HideSolutionNode = FALSE
	EndGlobalSection
	GlobalSection(ExtensibilityGlobals) = postSolution
		SolutionGuid = {D675ECAA-4F7D-436B-8CAA-0869171660FF}
	EndGlobalSection
EndGlobal
