
Microsoft Visual Studio Solution File, Format Version 12.00
# Visual Studio Version 16
VisualStudioVersion = 16.0.29102.190
MinimumVisualStudioVersion = 10.0.40219.1
Project("{FAE04EC0-301F-11D3-BF4B-00C04F79EFBC}") = "DynamicControllersFactory", "DynamicControllers\DynamicControllersFactory.csproj", "{6BD53078-C2C6-4D64-B016-99D39BFA9F06}"
EndProject
Project("{FAE04EC0-301F-11D3-BF4B-00C04F79EFBC}") = "SampleWebApi", "SampleWebApi\SampleWebApi.csproj", "{C9408615-392D-4B05-B5F5-1E2750C91A85}"
EndProject
Global
	GlobalSection(SolutionConfigurationPlatforms) = preSolution
		Debug|Any CPU = Debug|Any CPU
		Release|Any CPU = Release|Any CPU
	EndGlobalSection
	GlobalSection(ProjectConfigurationPlatforms) = postSolution
		{6BD53078-C2C6-4D64-B016-99D39BFA9F06}.Debug|Any CPU.ActiveCfg = Debug|Any CPU
		{6BD53078-C2C6-4D64-B016-99D39BFA9F06}.Debug|Any CPU.Build.0 = Debug|Any CPU
		{6BD53078-C2C6-4D64-B016-99D39BFA9F06}.Release|Any CPU.ActiveCfg = Release|Any CPU
		{6BD53078-C2C6-4D64-B016-99D39BFA9F06}.Release|Any CPU.Build.0 = Release|Any CPU
		{C9408615-392D-4B05-B5F5-1E2750C91A85}.Debug|Any CPU.ActiveCfg = Debug|Any CPU
		{C9408615-392D-4B05-B5F5-1E2750C91A85}.Debug|Any CPU.Build.0 = Debug|Any CPU
		{C9408615-392D-4B05-B5F5-1E2750C91A85}.Release|Any CPU.ActiveCfg = Release|Any CPU
		{C9408615-392D-4B05-B5F5-1E2750C91A85}.Release|Any CPU.Build.0 = Release|Any CPU
	EndGlobalSection
	GlobalSection(SolutionProperties) = preSolution
		HideSolutionNode = FALSE
	EndGlobalSection
	GlobalSection(ExtensibilityGlobals) = postSolution
		SolutionGuid = {D675ECAA-4F7D-436B-8CAA-0869171660FF}
	EndGlobalSection
EndGlobal
